
Microsoft Visual Studio Solution File, Format Version 12.00
# Visual Studio Version 16
VisualStudioVersion = 16.0.31605.320
MinimumVisualStudioVersion = 10.0.40219.1
Project("{9A19103F-16F7-4668-BE54-9A1E7A4F7556}") = "ConsoleClient", "ConsoleClient.csproj", "{216FBB50-21FE-4E81-9468-CBFFA07909D6}"
EndProject
Project("{9A19103F-16F7-4668-BE54-9A1E7A4F7556}") = "ASPCoreServer", "..\ASPCoreServer\ASPCoreServer.csproj", "{D80CD44D-12C6-4A94-A1C8-B1007D479B11}"
EndProject
Project("{FAE04EC0-301F-11D3-BF4B-00C04F79EFBC}") = "WindowsFormsClient_2", "..\WindowsFormsClient_2\WindowsFormsClient_2.csproj", "{1F6DEF62-1FDC-4C60-A15C-B92D57B0675C}"
EndProject
Global
	GlobalSection(SolutionConfigurationPlatforms) = preSolution
		Debug|Any CPU = Debug|Any CPU
		Release|Any CPU = Release|Any CPU
	EndGlobalSection
	GlobalSection(ProjectConfigurationPlatforms) = postSolution
		{216FBB50-21FE-4E81-9468-CBFFA07909D6}.Debug|Any CPU.ActiveCfg = Debug|Any CPU
		{216FBB50-21FE-4E81-9468-CBFFA07909D6}.Debug|Any CPU.Build.0 = Debug|Any CPU
		{216FBB50-21FE-4E81-9468-CBFFA07909D6}.Release|Any CPU.ActiveCfg = Release|Any CPU
		{216FBB50-21FE-4E81-9468-CBFFA07909D6}.Release|Any CPU.Build.0 = Release|Any CPU
		{D80CD44D-12C6-4A94-A1C8-B1007D479B11}.Debug|Any CPU.ActiveCfg = Debug|Any CPU
		{D80CD44D-12C6-4A94-A1C8-B1007D479B11}.Debug|Any CPU.Build.0 = Debug|Any CPU
		{D80CD44D-12C6-4A94-A1C8-B1007D479B11}.Release|Any CPU.ActiveCfg = Release|Any CPU
		{D80CD44D-12C6-4A94-A1C8-B1007D479B11}.Release|Any CPU.Build.0 = Release|Any CPU
		{1F6DEF62-1FDC-4C60-A15C-B92D57B0675C}.Debug|Any CPU.ActiveCfg = Debug|Any CPU
		{1F6DEF62-1FDC-4C60-A15C-B92D57B0675C}.Debug|Any CPU.Build.0 = Debug|Any CPU
		{1F6DEF62-1FDC-4C60-A15C-B92D57B0675C}.Release|Any CPU.ActiveCfg = Release|Any CPU
		{1F6DEF62-1FDC-4C60-A15C-B92D57B0675C}.Release|Any CPU.Build.0 = Release|Any CPU
	EndGlobalSection
	GlobalSection(SolutionProperties) = preSolution
		HideSolutionNode = FALSE
	EndGlobalSection
	GlobalSection(ExtensibilityGlobals) = postSolution
		SolutionGuid = {B058FA1C-858E-4AD6-ACB5-6B2CEFAE5546}
	EndGlobalSection
EndGlobal
